// !$*UTF8*$!
{
	archiveVersion = 1;
	classes = {
	};
	objectVersion = 46;
	objects = {

/* Begin PBXBuildFile section */
		64E93AB41908D3E100852ECF /* Foundation.framework in Frameworks */ = {isa = PBXBuildFile; fileRef = 64E93AB31908D3E100852ECF /* Foundation.framework */; };
		64E93AB61908D3E100852ECF /* CoreGraphics.framework in Frameworks */ = {isa = PBXBuildFile; fileRef = 64E93AB51908D3E100852ECF /* CoreGraphics.framework */; };
		64E93AB81908D3E100852ECF /* UIKit.framework in Frameworks */ = {isa = PBXBuildFile; fileRef = 64E93AB71908D3E100852ECF /* UIKit.framework */; };
		64E93ABE1908D3E100852ECF /* InfoPlist.strings in Resources */ = {isa = PBXBuildFile; fileRef = 64E93ABC1908D3E100852ECF /* InfoPlist.strings */; };
		64E93AC01908D3E100852ECF /* main.m in Sources */ = {isa = PBXBuildFile; fileRef = 64E93ABF1908D3E100852ECF /* main.m */; };
		64E93AC41908D3E100852ECF /* OGEAppDelegate.m in Sources */ = {isa = PBXBuildFile; fileRef = 64E93AC31908D3E100852ECF /* OGEAppDelegate.m */; };
		64E93AC71908D3E100852ECF /* Main.storyboard in Resources */ = {isa = PBXBuildFile; fileRef = 64E93AC51908D3E100852ECF /* Main.storyboard */; };
		64E93ACA1908D3E100852ECF /* OGETriangleViewController.m in Sources */ = {isa = PBXBuildFile; fileRef = 64E93AC91908D3E100852ECF /* OGETriangleViewController.m */; };
		64E93ACC1908D3E100852ECF /* Images.xcassets in Resources */ = {isa = PBXBuildFile; fileRef = 64E93ACB1908D3E100852ECF /* Images.xcassets */; };
		64E93AD31908D3E100852ECF /* XCTest.framework in Frameworks */ = {isa = PBXBuildFile; fileRef = 64E93AD21908D3E100852ECF /* XCTest.framework */; };
		64E93AD41908D3E100852ECF /* Foundation.framework in Frameworks */ = {isa = PBXBuildFile; fileRef = 64E93AB31908D3E100852ECF /* Foundation.framework */; };
		64E93AD51908D3E100852ECF /* UIKit.framework in Frameworks */ = {isa = PBXBuildFile; fileRef = 64E93AB71908D3E100852ECF /* UIKit.framework */; };
		64E93ADD1908D3E100852ECF /* InfoPlist.strings in Resources */ = {isa = PBXBuildFile; fileRef = 64E93ADB1908D3E100852ECF /* InfoPlist.strings */; };
		64E93ADF1908D3E100852ECF /* OpenGLESExampleTests.m in Sources */ = {isa = PBXBuildFile; fileRef = 64E93ADE1908D3E100852ECF /* OpenGLESExampleTests.m */; };
		64E93AE91908D4C200852ECF /* OpenGLES.framework in Frameworks */ = {isa = PBXBuildFile; fileRef = 64E93AE81908D4C200852ECF /* OpenGLES.framework */; };
		64E93AEB1908D4C900852ECF /* GLKit.framework in Frameworks */ = {isa = PBXBuildFile; fileRef = 64E93AEA1908D4C900852ECF /* GLKit.framework */; };
/* End PBXBuildFile section */

/* Begin PBXContainerItemProxy section */
		64E93AD61908D3E100852ECF /* PBXContainerItemProxy */ = {
			isa = PBXContainerItemProxy;
			containerPortal = 64E93AA81908D3E100852ECF /* Project object */;
			proxyType = 1;
			remoteGlobalIDString = 64E93AAF1908D3E100852ECF;
			remoteInfo = OpenGLESExample;
		};
/* End PBXContainerItemProxy section */

/* Begin PBXFileReference section */
		64E93AB01908D3E100852ECF /* OpenGLESExample.app */ = {isa = PBXFileReference; explicitFileType = wrapper.application; includeInIndex = 0; path = OpenGLESExample.app; sourceTree = BUILT_PRODUCTS_DIR; };
		64E93AB31908D3E100852ECF /* Foundation.framework */ = {isa = PBXFileReference; lastKnownFileType = wrapper.framework; name = Foundation.framework; path = System/Library/Frameworks/Foundation.framework; sourceTree = SDKROOT; };
		64E93AB51908D3E100852ECF /* CoreGraphics.framework */ = {isa = PBXFileReference; lastKnownFileType = wrapper.framework; name = CoreGraphics.framework; path = System/Library/Frameworks/CoreGraphics.framework; sourceTree = SDKROOT; };
		64E93AB71908D3E100852ECF /* UIKit.framework */ = {isa = PBXFileReference; lastKnownFileType = wrapper.framework; name = UIKit.framework; path = System/Library/Frameworks/UIKit.framework; sourceTree = SDKROOT; };
		64E93ABB1908D3E100852ECF /* OpenGLESExample-Info.plist */ = {isa = PBXFileReference; lastKnownFileType = text.plist.xml; path = "OpenGLESExample-Info.plist"; sourceTree = "<group>"; };
		64E93ABD1908D3E100852ECF /* en */ = {isa = PBXFileReference; lastKnownFileType = text.plist.strings; name = en; path = en.lproj/InfoPlist.strings; sourceTree = "<group>"; };
		64E93ABF1908D3E100852ECF /* main.m */ = {isa = PBXFileReference; lastKnownFileType = sourcecode.c.objc; path = main.m; sourceTree = "<group>"; };
		64E93AC11908D3E100852ECF /* OpenGLESExample-Prefix.pch */ = {isa = PBXFileReference; lastKnownFileType = sourcecode.c.h; path = "OpenGLESExample-Prefix.pch"; sourceTree = "<group>"; };
		64E93AC21908D3E100852ECF /* OGEAppDelegate.h */ = {isa = PBXFileReference; lastKnownFileType = sourcecode.c.h; path = OGEAppDelegate.h; sourceTree = "<group>"; };
		64E93AC31908D3E100852ECF /* OGEAppDelegate.m */ = {isa = PBXFileReference; lastKnownFileType = sourcecode.c.objc; path = OGEAppDelegate.m; sourceTree = "<group>"; };
		64E93AC61908D3E100852ECF /* Base */ = {isa = PBXFileReference; lastKnownFileType = file.storyboard; name = Base; path = Base.lproj/Main.storyboard; sourceTree = "<group>"; };
		64E93AC81908D3E100852ECF /* OGETriangleViewController.h */ = {isa = PBXFileReference; lastKnownFileType = sourcecode.c.h; path = OGETriangleViewController.h; sourceTree = "<group>"; };
		64E93AC91908D3E100852ECF /* OGETriangleViewController.m */ = {isa = PBXFileReference; lastKnownFileType = sourcecode.c.objc; path = OGETriangleViewController.m; sourceTree = "<group>"; };
		64E93ACB1908D3E100852ECF /* Images.xcassets */ = {isa = PBXFileReference; lastKnownFileType = folder.assetcatalog; path = Images.xcassets; sourceTree = "<group>"; };
		64E93AD11908D3E100852ECF /* OpenGLESExampleTests.xctest */ = {isa = PBXFileReference; explicitFileType = wrapper.cfbundle; includeInIndex = 0; path = OpenGLESExampleTests.xctest; sourceTree = BUILT_PRODUCTS_DIR; };
		64E93AD21908D3E100852ECF /* XCTest.framework */ = {isa = PBXFileReference; lastKnownFileType = wrapper.framework; name = XCTest.framework; path = Library/Frameworks/XCTest.framework; sourceTree = DEVELOPER_DIR; };
		64E93ADA1908D3E100852ECF /* OpenGLESExampleTests-Info.plist */ = {isa = PBXFileReference; lastKnownFileType = text.plist.xml; path = "OpenGLESExampleTests-Info.plist"; sourceTree = "<group>"; };
		64E93ADC1908D3E100852ECF /* en */ = {isa = PBXFileReference; lastKnownFileType = text.plist.strings; name = en; path = en.lproj/InfoPlist.strings; sourceTree = "<group>"; };
		64E93ADE1908D3E100852ECF /* OpenGLESExampleTests.m */ = {isa = PBXFileReference; lastKnownFileType = sourcecode.c.objc; path = OpenGLESExampleTests.m; sourceTree = "<group>"; };
		64E93AE81908D4C200852ECF /* OpenGLES.framework */ = {isa = PBXFileReference; lastKnownFileType = wrapper.framework; name = OpenGLES.framework; path = System/Library/Frameworks/OpenGLES.framework; sourceTree = SDKROOT; };
		64E93AEA1908D4C900852ECF /* GLKit.framework */ = {isa = PBXFileReference; lastKnownFileType = wrapper.framework; name = GLKit.framework; path = System/Library/Frameworks/GLKit.framework; sourceTree = SDKROOT; };
/* End PBXFileReference section */

/* Begin PBXFrameworksBuildPhase section */
		64E93AAD1908D3E100852ECF /* Frameworks */ = {
			isa = PBXFrameworksBuildPhase;
			buildActionMask = 2147483647;
			files = (
				64E93AEB1908D4C900852ECF /* GLKit.framework in Frameworks */,
				64E93AE91908D4C200852ECF /* OpenGLES.framework in Frameworks */,
				64E93AB61908D3E100852ECF /* CoreGraphics.framework in Frameworks */,
				64E93AB81908D3E100852ECF /* UIKit.framework in Frameworks */,
				64E93AB41908D3E100852ECF /* Foundation.framework in Frameworks */,
			);
			runOnlyForDeploymentPostprocessing = 0;
		};
		64E93ACE1908D3E100852ECF /* Frameworks */ = {
			isa = PBXFrameworksBuildPhase;
			buildActionMask = 2147483647;
			files = (
				64E93AD31908D3E100852ECF /* XCTest.framework in Frameworks */,
				64E93AD51908D3E100852ECF /* UIKit.framework in Frameworks */,
				64E93AD41908D3E100852ECF /* Foundation.framework in Frameworks */,
			);
			runOnlyForDeploymentPostprocessing = 0;
		};
/* End PBXFrameworksBuildPhase section */

/* Begin PBXGroup section */
		64E93AA71908D3E100852ECF = {
			isa = PBXGroup;
			children = (
				64E93AB91908D3E100852ECF /* OpenGLESExample */,
				64E93AD81908D3E100852ECF /* OpenGLESExampleTests */,
				64E93AB21908D3E100852ECF /* Frameworks */,
				64E93AB11908D3E100852ECF /* Products */,
			);
			sourceTree = "<group>";
		};
		64E93AB11908D3E100852ECF /* Products */ = {
			isa = PBXGroup;
			children = (
				64E93AB01908D3E100852ECF /* OpenGLESExample.app */,
				64E93AD11908D3E100852ECF /* OpenGLESExampleTests.xctest */,
			);
			name = Products;
			sourceTree = "<group>";
		};
		64E93AB21908D3E100852ECF /* Frameworks */ = {
			isa = PBXGroup;
			children = (
				64E93AEA1908D4C900852ECF /* GLKit.framework */,
				64E93AE81908D4C200852ECF /* OpenGLES.framework */,
				64E93AB31908D3E100852ECF /* Foundation.framework */,
				64E93AB51908D3E100852ECF /* CoreGraphics.framework */,
				64E93AB71908D3E100852ECF /* UIKit.framework */,
				64E93AD21908D3E100852ECF /* XCTest.framework */,
			);
			name = Frameworks;
			sourceTree = "<group>";
		};
		64E93AB91908D3E100852ECF /* OpenGLESExample */ = {
			isa = PBXGroup;
			children = (
				64E93AEC1908D65500852ECF /* Triangle */,
				64E93AC21908D3E100852ECF /* OGEAppDelegate.h */,
				64E93AC31908D3E100852ECF /* OGEAppDelegate.m */,
				64E93AC51908D3E100852ECF /* Main.storyboard */,
				64E93ACB1908D3E100852ECF /* Images.xcassets */,
				64E93ABA1908D3E100852ECF /* Supporting Files */,
			);
			path = OpenGLESExample;
			sourceTree = "<group>";
		};
		64E93ABA1908D3E100852ECF /* Supporting Files */ = {
			isa = PBXGroup;
			children = (
				64E93ABB1908D3E100852ECF /* OpenGLESExample-Info.plist */,
				64E93ABC1908D3E100852ECF /* InfoPlist.strings */,
				64E93ABF1908D3E100852ECF /* main.m */,
				64E93AC11908D3E100852ECF /* OpenGLESExample-Prefix.pch */,
			);
			name = "Supporting Files";
			sourceTree = "<group>";
		};
		64E93AD81908D3E100852ECF /* OpenGLESExampleTests */ = {
			isa = PBXGroup;
			children = (
				64E93ADE1908D3E100852ECF /* OpenGLESExampleTests.m */,
				64E93AD91908D3E100852ECF /* Supporting Files */,
			);
			path = OpenGLESExampleTests;
			sourceTree = "<group>";
		};
		64E93AD91908D3E100852ECF /* Supporting Files */ = {
			isa = PBXGroup;
			children = (
				64E93ADA1908D3E100852ECF /* OpenGLESExampleTests-Info.plist */,
				64E93ADB1908D3E100852ECF /* InfoPlist.strings */,
			);
			name = "Supporting Files";
			sourceTree = "<group>";
		};
		64E93AEC1908D65500852ECF /* Triangle */ = {
			isa = PBXGroup;
			children = (
				64E93AC81908D3E100852ECF /* OGETriangleViewController.h */,
				64E93AC91908D3E100852ECF /* OGETriangleViewController.m */,
			);
			name = Triangle;
			sourceTree = "<group>";
		};
/* End PBXGroup section */

/* Begin PBXNativeTarget section */
		64E93AAF1908D3E100852ECF /* OpenGLESExample */ = {
			isa = PBXNativeTarget;
			buildConfigurationList = 64E93AE21908D3E100852ECF /* Build configuration list for PBXNativeTarget "OpenGLESExample" */;
			buildPhases = (
				64E93AAC1908D3E100852ECF /* Sources */,
				64E93AAD1908D3E100852ECF /* Frameworks */,
				64E93AAE1908D3E100852ECF /* Resources */,
			);
			buildRules = (
			);
			dependencies = (
			);
			name = OpenGLESExample;
			productName = OpenGLESExample;
			productReference = 64E93AB01908D3E100852ECF /* OpenGLESExample.app */;
			productType = "com.apple.product-type.application";
		};
		64E93AD01908D3E100852ECF /* OpenGLESExampleTests */ = {
			isa = PBXNativeTarget;
			buildConfigurationList = 64E93AE51908D3E100852ECF /* Build configuration list for PBXNativeTarget "OpenGLESExampleTests" */;
			buildPhases = (
				64E93ACD1908D3E100852ECF /* Sources */,
				64E93ACE1908D3E100852ECF /* Frameworks */,
				64E93ACF1908D3E100852ECF /* Resources */,
			);
			buildRules = (
			);
			dependencies = (
				64E93AD71908D3E100852ECF /* PBXTargetDependency */,
			);
			name = OpenGLESExampleTests;
			productName = OpenGLESExampleTests;
			productReference = 64E93AD11908D3E100852ECF /* OpenGLESExampleTests.xctest */;
			productType = "com.apple.product-type.bundle.unit-test";
		};
/* End PBXNativeTarget section */

/* Begin PBXProject section */
		64E93AA81908D3E100852ECF /* Project object */ = {
			isa = PBXProject;
			attributes = {
				CLASSPREFIX = OGE;
				LastUpgradeCheck = 0510;
				ORGANIZATIONNAME = "___FULLUSERNAME___";
				TargetAttributes = {
					64E93AD01908D3E100852ECF = {
						TestTargetID = 64E93AAF1908D3E100852ECF;
					};
				};
			};
			buildConfigurationList = 64E93AAB1908D3E100852ECF /* Build configuration list for PBXProject "OpenGLESExample" */;
			compatibilityVersion = "Xcode 3.2";
			developmentRegion = English;
			hasScannedForEncodings = 0;
			knownRegions = (
				en,
				Base,
			);
			mainGroup = 64E93AA71908D3E100852ECF;
			productRefGroup = 64E93AB11908D3E100852ECF /* Products */;
			projectDirPath = "";
			projectRoot = "";
			targets = (
				64E93AAF1908D3E100852ECF /* OpenGLESExample */,
				64E93AD01908D3E100852ECF /* OpenGLESExampleTests */,
			);
		};
/* End PBXProject section */

/* Begin PBXResourcesBuildPhase section */
		64E93AAE1908D3E100852ECF /* Resources */ = {
			isa = PBXResourcesBuildPhase;
			buildActionMask = 2147483647;
			files = (
				64E93ACC1908D3E100852ECF /* Images.xcassets in Resources */,
				64E93ABE1908D3E100852ECF /* InfoPlist.strings in Resources */,
				64E93AC71908D3E100852ECF /* Main.storyboard in Resources */,
			);
			runOnlyForDeploymentPostprocessing = 0;
		};
		64E93ACF1908D3E100852ECF /* Resources */ = {
			isa = PBXResourcesBuildPhase;
			buildActionMask = 2147483647;
			files = (
				64E93ADD1908D3E100852ECF /* InfoPlist.strings in Resources */,
			);
			runOnlyForDeploymentPostprocessing = 0;
		};
/* End PBXResourcesBuildPhase section */

/* Begin PBXSourcesBuildPhase section */
		64E93AAC1908D3E100852ECF /* Sources */ = {
			isa = PBXSourcesBuildPhase;
			buildActionMask = 2147483647;
			files = (
				64E93ACA1908D3E100852ECF /* OGETriangleViewController.m in Sources */,
				64E93AC41908D3E100852ECF /* OGEAppDelegate.m in Sources */,
				64E93AC01908D3E100852ECF /* main.m in Sources */,
			);
			runOnlyForDeploymentPostprocessing = 0;
		};
		64E93ACD1908D3E100852ECF /* Sources */ = {
			isa = PBXSourcesBuildPhase;
			buildActionMask = 2147483647;
			files = (
				64E93ADF1908D3E100852ECF /* OpenGLESExampleTests.m in Sources */,
			);
			runOnlyForDeploymentPostprocessing = 0;
		};
/* End PBXSourcesBuildPhase section */

/* Begin PBXTargetDependency section */
		64E93AD71908D3E100852ECF /* PBXTargetDependency */ = {
			isa = PBXTargetDependency;
			target = 64E93AAF1908D3E100852ECF /* OpenGLESExample */;
			targetProxy = 64E93AD61908D3E100852ECF /* PBXContainerItemProxy */;
		};
/* End PBXTargetDependency section */

/* Begin PBXVariantGroup section */
		64E93ABC1908D3E100852ECF /* InfoPlist.strings */ = {
			isa = PBXVariantGroup;
			children = (
				64E93ABD1908D3E100852ECF /* en */,
			);
			name = InfoPlist.strings;
			sourceTree = "<group>";
		};
		64E93AC51908D3E100852ECF /* Main.storyboard */ = {
			isa = PBXVariantGroup;
			children = (
				64E93AC61908D3E100852ECF /* Base */,
			);
			name = Main.storyboard;
			sourceTree = "<group>";
		};
		64E93ADB1908D3E100852ECF /* InfoPlist.strings */ = {
			isa = PBXVariantGroup;
			children = (
				64E93ADC1908D3E100852ECF /* en */,
			);
			name = InfoPlist.strings;
			sourceTree = "<group>";
		};
/* End PBXVariantGroup section */

/* Begin XCBuildConfiguration section */
		64E93AE01908D3E100852ECF /* Debug */ = {
			isa = XCBuildConfiguration;
			buildSettings = {
				ALWAYS_SEARCH_USER_PATHS = NO;
				CLANG_CXX_LANGUAGE_STANDARD = "gnu++0x";
				CLANG_CXX_LIBRARY = "libc++";
				CLANG_ENABLE_MODULES = YES;
				CLANG_ENABLE_OBJC_ARC = YES;
				CLANG_WARN_BOOL_CONVERSION = YES;
				CLANG_WARN_CONSTANT_CONVERSION = YES;
				CLANG_WARN_DIRECT_OBJC_ISA_USAGE = YES_ERROR;
				CLANG_WARN_EMPTY_BODY = YES;
				CLANG_WARN_ENUM_CONVERSION = YES;
				CLANG_WARN_INT_CONVERSION = YES;
				CLANG_WARN_OBJC_ROOT_CLASS = YES_ERROR;
				CLANG_WARN__DUPLICATE_METHOD_MATCH = YES;
				"CODE_SIGN_IDENTITY[sdk=iphoneos*]" = "iPhone Developer";
				COPY_PHASE_STRIP = NO;
				GCC_C_LANGUAGE_STANDARD = gnu99;
				GCC_DYNAMIC_NO_PIC = NO;
				GCC_OPTIMIZATION_LEVEL = 0;
				GCC_PREPROCESSOR_DEFINITIONS = (
					"DEBUG=1",
					"$(inherited)",
				);
				GCC_SYMBOLS_PRIVATE_EXTERN = NO;
				GCC_WARN_64_TO_32_BIT_CONVERSION = YES;
				GCC_WARN_ABOUT_RETURN_TYPE = YES_ERROR;
				GCC_WARN_UNDECLARED_SELECTOR = YES;
				GCC_WARN_UNINITIALIZED_AUTOS = YES_AGGRESSIVE;
				GCC_WARN_UNUSED_FUNCTION = YES;
				GCC_WARN_UNUSED_VARIABLE = YES;
				IPHONEOS_DEPLOYMENT_TARGET = 7.1;
				ONLY_ACTIVE_ARCH = YES;
				SDKROOT = iphoneos;
			};
			name = Debug;
		};
		64E93AE11908D3E100852ECF /* Release */ = {
			isa = XCBuildConfiguration;
			buildSettings = {
				ALWAYS_SEARCH_USER_PATHS = NO;
				CLANG_CXX_LANGUAGE_STANDARD = "gnu++0x";
				CLANG_CXX_LIBRARY = "libc++";
				CLANG_ENABLE_MODULES = YES;
				CLANG_ENABLE_OBJC_ARC = YES;
				CLANG_WARN_BOOL_CONVERSION = YES;
				CLANG_WARN_CONSTANT_CONVERSION = YES;
				CLANG_WARN_DIRECT_OBJC_ISA_USAGE = YES_ERROR;
				CLANG_WARN_EMPTY_BODY = YES;
				CLANG_WARN_ENUM_CONVERSION = YES;
				CLANG_WARN_INT_CONVERSION = YES;
				CLANG_WARN_OBJC_ROOT_CLASS = YES_ERROR;
				CLANG_WARN__DUPLICATE_METHOD_MATCH = YES;
				"CODE_SIGN_IDENTITY[sdk=iphoneos*]" = "iPhone Developer";
				COPY_PHASE_STRIP = YES;
				ENABLE_NS_ASSERTIONS = NO;
				GCC_C_LANGUAGE_STANDARD = gnu99;
				GCC_WARN_64_TO_32_BIT_CONVERSION = YES;
				GCC_WARN_ABOUT_RETURN_TYPE = YES_ERROR;
				GCC_WARN_UNDECLARED_SELECTOR = YES;
				GCC_WARN_UNINITIALIZED_AUTOS = YES_AGGRESSIVE;
				GCC_WARN_UNUSED_FUNCTION = YES;
				GCC_WARN_UNUSED_VARIABLE = YES;
				IPHONEOS_DEPLOYMENT_TARGET = 7.1;
				SDKROOT = iphoneos;
				VALIDATE_PRODUCT = YES;
			};
			name = Release;
		};
		64E93AE31908D3E100852ECF /* Debug */ = {
			isa = XCBuildConfiguration;
			buildSettings = {
				ASSETCATALOG_COMPILER_APPICON_NAME = AppIcon;
				ASSETCATALOG_COMPILER_LAUNCHIMAGE_NAME = LaunchImage;
				GCC_PRECOMPILE_PREFIX_HEADER = YES;
				GCC_PREFIX_HEADER = "OpenGLESExample/OpenGLESExample-Prefix.pch";
				INFOPLIST_FILE = "OpenGLESExample/OpenGLESExample-Info.plist";
				PRODUCT_NAME = "$(TARGET_NAME)";
				WRAPPER_EXTENSION = app;
			};
			name = Debug;
		};
		64E93AE41908D3E100852ECF /* Release */ = {
			isa = XCBuildConfiguration;
			buildSettings = {
				ASSETCATALOG_COMPILER_APPICON_NAME = AppIcon;
				ASSETCATALOG_COMPILER_LAUNCHIMAGE_NAME = LaunchImage;
				GCC_PRECOMPILE_PREFIX_HEADER = YES;
				GCC_PREFIX_HEADER = "OpenGLESExample/OpenGLESExample-Prefix.pch";
				INFOPLIST_FILE = "OpenGLESExample/OpenGLESExample-Info.plist";
				PRODUCT_NAME = "$(TARGET_NAME)";
				WRAPPER_EXTENSION = app;
			};
			name = Release;
		};
		64E93AE61908D3E100852ECF /* Debug */ = {
			isa = XCBuildConfiguration;
			buildSettings = {
				BUNDLE_LOADER = "$(BUILT_PRODUCTS_DIR)/OpenGLESExample.app/OpenGLESExample";
				FRAMEWORK_SEARCH_PATHS = (
					"$(SDKROOT)/Developer/Library/Frameworks",
					"$(inherited)",
					"$(DEVELOPER_FRAMEWORKS_DIR)",
				);
				GCC_PRECOMPILE_PREFIX_HEADER = YES;
				GCC_PREFIX_HEADER = "OpenGLESExample/OpenGLESExample-Prefix.pch";
				GCC_PREPROCESSOR_DEFINITIONS = (
					"DEBUG=1",
					"$(inherited)",
				);
				INFOPLIST_FILE = "OpenGLESExampleTests/OpenGLESExampleTests-Info.plist";
				PRODUCT_NAME = "$(TARGET_NAME)";
				TEST_HOST = "$(BUNDLE_LOADER)";
				WRAPPER_EXTENSION = xctest;
			};
			name = Debug;
		};
		64E93AE71908D3E100852ECF /* Release */ = {
			isa = XCBuildConfiguration;
			buildSettings = {
				BUNDLE_LOADER = "$(BUILT_PRODUCTS_DIR)/OpenGLESExample.app/OpenGLESExample";
				FRAMEWORK_SEARCH_PATHS = (
					"$(SDKROOT)/Developer/Library/Frameworks",
					"$(inherited)",
					"$(DEVELOPER_FRAMEWORKS_DIR)",
				);
				GCC_PRECOMPILE_PREFIX_HEADER = YES;
				GCC_PREFIX_HEADER = "OpenGLESExample/OpenGLESExample-Prefix.pch";
				INFOPLIST_FILE = "OpenGLESExampleTests/OpenGLESExampleTests-Info.plist";
				PRODUCT_NAME = "$(TARGET_NAME)";
				TEST_HOST = "$(BUNDLE_LOADER)";
				WRAPPER_EXTENSION = xctest;
			};
			name = Release;
		};
/* End XCBuildConfiguration section */

/* Begin XCConfigurationList section */
		64E93AAB1908D3E100852ECF /* Build configuration list for PBXProject "OpenGLESExample" */ = {
			isa = XCConfigurationList;
			buildConfigurations = (
				64E93AE01908D3E100852ECF /* Debug */,
				64E93AE11908D3E100852ECF /* Release */,
			);
			defaultConfigurationIsVisible = 0;
			defaultConfigurationName = Release;
		};
		64E93AE21908D3E100852ECF /* Build configuration list for PBXNativeTarget "OpenGLESExample" */ = {
			isa = XCConfigurationList;
			buildConfigurations = (
				64E93AE31908D3E100852ECF /* Debug */,
				64E93AE41908D3E100852ECF /* Release */,
			);
			defaultConfigurationIsVisible = 0;
		};
		64E93AE51908D3E100852ECF /* Build configuration list for PBXNativeTarget "OpenGLESExampleTests" */ = {
			isa = XCConfigurationList;
			buildConfigurations = (
				64E93AE61908D3E100852ECF /* Debug */,
				64E93AE71908D3E100852ECF /* Release */,
			);
			defaultConfigurationIsVisible = 0;
		};
/* End XCConfigurationList section */
	};
	rootObject = 64E93AA81908D3E100852ECF /* Project object */;
}
